# THIS IS AN AUTOGENERATED FILE. DO NOT EDIT THIS FILE DIRECTLY.
# yarn lockfile v1


"@babel/parser@^7.15.0":
  version "7.15.8"
  resolved "https://registry.npmmirror.com/@babel/parser/download/@babel/parser-7.15.8.tgz?cache=0&sync_timestamp=1633554059632&other_urls=https%3A%2F%2Fregistry.npmmirror.com%2F%40babel%2Fparser%2Fdownload%2F%40babel%2Fparser-7.15.8.tgz#7bacdcbe71bdc3ff936d510c15dcea7cf0b99016"
  integrity sha1-e6zcvnG9w/+TbVEMFdzqfPC5kBY=

"@electron/get@^1.13.0":
  version "1.13.0"
  resolved "https://registry.nlark.com/@electron/get/download/@electron/get-1.13.0.tgz#95c6bcaff4f9a505ea46792424f451efea89228c"
  integrity sha1-lca8r/T5pQXqRnkkJPRR7+qJIow=
  dependencies:
    debug "^4.1.1"
    env-paths "^2.2.0"
    fs-extra "^8.1.0"
    got "^9.6.0"
    progress "^2.0.3"
    semver "^6.2.0"
    sumchecker "^3.0.1"
  optionalDependencies:
    global-agent "^2.0.2"
    global-tunnel-ng "^2.7.1"

"@sindresorhus/is@^0.14.0":
  version "0.14.0"
  resolved "https://registry.nlark.com/@sindresorhus/is/download/@sindresorhus/is-0.14.0.tgz#9fb3a3cf3132328151f353de4632e01e52102bea"
  integrity sha1-n7OjzzEyMoFR81PeRjLgHlIQK+o=

"@szmarczak/http-timer@^1.1.2":
  version "1.1.2"
  resolved "https://registry.nlark.com/@szmarczak/http-timer/download/@szmarczak/http-timer-1.1.2.tgz#b1665e2c461a2cd92f4c1bbf50d5454de0d4b421"
  integrity sha1-sWZeLEYaLNkvTBu/UNVFTeDUtCE=
  dependencies:
    defer-to-connect "^1.0.1"

"@types/node@^14.6.2":
  version "14.17.32"
  resolved "https://registry.npmmirror.com/@types/node/download/@types/node-14.17.32.tgz?cache=0&sync_timestamp=1635213413252&other_urls=https%3A%2F%2Fregistry.npmmirror.com%2F%40types%2Fnode%2Fdownload%2F%40types%2Fnode-14.17.32.tgz#2ca61c9ef8c77f6fa1733be9e623ceb0d372ad96"
  integrity sha1-LKYcnvjHf2+hczvp5iPOsNNyrZY=

"@vitejs/plugin-vue@^1.9.3":
  version "1.9.3"
  resolved "https://registry.npmmirror.com/@vitejs/plugin-vue/download/@vitejs/plugin-vue-1.9.3.tgz?cache=0&sync_timestamp=1633433458406&other_urls=https%3A%2F%2Fregistry.npmmirror.com%2F%40vitejs%2Fplugin-vue%2Fdownload%2F%40vitejs%2Fplugin-vue-1.9.3.tgz#93d61893ce6c723d0209af0483ec8b91a2cd811f"
  integrity sha1-k9YYk85scj0CCa8Eg+yLkaLNgR8=

"@vue/compiler-core@3.2.20":
  version "3.2.20"
  resolved "https://registry.npmmirror.com/@vue/compiler-core/download/@vue/compiler-core-3.2.20.tgz?cache=0&sync_timestamp=1633712532581&other_urls=https%3A%2F%2Fregistry.npmmirror.com%2F%40vue%2Fcompiler-core%2Fdownload%2F%40vue%2Fcompiler-core-3.2.20.tgz#af5a3c5237818835b0d0be837eb5885a8d21c160"
  integrity sha1-r1o8UjeBiDWw0L6DfrWIWo0hwWA=
  dependencies:
    "@babel/parser" "^7.15.0"
    "@vue/shared" "3.2.20"
    estree-walker "^2.0.2"
    source-map "^0.6.1"

"@vue/compiler-dom@3.2.20":
  version "3.2.20"
  resolved "https://registry.npmmirror.com/@vue/compiler-dom/download/@vue/compiler-dom-3.2.20.tgz#8e0ef354449c0faf41519b00bfc2045eae01dcb5"
  integrity sha1-jg7zVEScD69BUZsAv8IEXq4B3LU=
  dependencies:
    "@vue/compiler-core" "3.2.20"
    "@vue/shared" "3.2.20"

"@vue/compiler-sfc@3.2.20":
  version "3.2.20"
  resolved "https://registry.npmmirror.com/@vue/compiler-sfc/download/@vue/compiler-sfc-3.2.20.tgz#2d7668e76f066c566dd7c09c15c9acce4e876e0a"
  integrity sha1-LXZo528GbFZt18CcFcmszk6Hbgo=
  dependencies:
    "@babel/parser" "^7.15.0"
    "@vue/compiler-core" "3.2.20"
    "@vue/compiler-dom" "3.2.20"
    "@vue/compiler-ssr" "3.2.20"
    "@vue/ref-transform" "3.2.20"
    "@vue/shared" "3.2.20"
    estree-walker "^2.0.2"
    magic-string "^0.25.7"
    postcss "^8.1.10"
    source-map "^0.6.1"

"@vue/compiler-ssr@3.2.20":
  version "3.2.20"
  resolved "https://registry.npmmirror.com/@vue/compiler-ssr/download/@vue/compiler-ssr-3.2.20.tgz#9cceb6261d9932cb5568202610c1c28f86c5e521"
  integrity sha1-nM62Jh2ZMstVaCAmEMHCj4bF5SE=
  dependencies:
    "@vue/compiler-dom" "3.2.20"
    "@vue/shared" "3.2.20"

"@vue/devtools-api@^6.0.0-beta.11", "@vue/devtools-api@^6.0.0-beta.18":
  version "6.0.0-beta.19"
  resolved "https://registry.npmmirror.com/@vue/devtools-api/download/@vue/devtools-api-6.0.0-beta.19.tgz#f8e88059daa424515992426a0c7ea5cde07e99bf"
  integrity sha1-+OiAWdqkJFFZkkJqDH6lzeB+mb8=

"@vue/reactivity@3.2.20":
  version "3.2.20"
  resolved "https://registry.npmmirror.com/@vue/reactivity/download/@vue/reactivity-3.2.20.tgz#81fe1c368e7f20bc0ec1dec1045bbee253582de8"
  integrity sha1-gf4cNo5/ILwOwd7BBFu+4lNYLeg=
  dependencies:
    "@vue/shared" "3.2.20"

"@vue/ref-transform@3.2.20":
  version "3.2.20"
  resolved "https://registry.npmmirror.com/@vue/ref-transform/download/@vue/ref-transform-3.2.20.tgz?cache=0&sync_timestamp=1633712592474&other_urls=https%3A%2F%2Fregistry.npmmirror.com%2F%40vue%2Fref-transform%2Fdownload%2F%40vue%2Fref-transform-3.2.20.tgz#2a59ec90caf8e5c7336776a0900bff0a8b81c090"
  integrity sha1-KlnskMr45cczZ3agkAv/CouBwJA=
  dependencies:
    "@babel/parser" "^7.15.0"
    "@vue/compiler-core" "3.2.20"
    "@vue/shared" "3.2.20"
    estree-walker "^2.0.2"
    magic-string "^0.25.7"

"@vue/runtime-core@3.2.20":
  version "3.2.20"
  resolved "https://registry.npmmirror.com/@vue/runtime-core/download/@vue/runtime-core-3.2.20.tgz#8f63e956a3f88fb772541443c45a7701211012cb"
  integrity sha1-j2PpVqP4j7dyVBRDxFp3ASEQEss=
  dependencies:
    "@vue/reactivity" "3.2.20"
    "@vue/shared" "3.2.20"

"@vue/runtime-dom@3.2.20":
  version "3.2.20"
  resolved "https://registry.npmmirror.com/@vue/runtime-dom/download/@vue/runtime-dom-3.2.20.tgz?cache=0&sync_timestamp=1633712550190&other_urls=https%3A%2F%2Fregistry.npmmirror.com%2F%40vue%2Fruntime-dom%2Fdownload%2F%40vue%2Fruntime-dom-3.2.20.tgz#8aa56ae6c30f9cd4a71ca0e9ec3c4bdc67148d15"
  integrity sha1-iqVq5sMPnNSnHKDp7DxL3GcUjRU=
  dependencies:
    "@vue/runtime-core" "3.2.20"
    "@vue/shared" "3.2.20"
    csstype "^2.6.8"

"@vue/server-renderer@3.2.20":
  version "3.2.20"
  resolved "https://registry.npmmirror.com/@vue/server-renderer/download/@vue/server-renderer-3.2.20.tgz?cache=0&sync_timestamp=1633712550303&other_urls=https%3A%2F%2Fregistry.npmmirror.com%2F%40vue%2Fserver-renderer%2Fdownload%2F%40vue%2Fserver-renderer-3.2.20.tgz#705e07ae9425132b2b6227d308a51a13f4d4ec81"
  integrity sha1-cF4HrpQlEysrYifTCKUaE/TU7IE=
  dependencies:
    "@vue/compiler-ssr" "3.2.20"
    "@vue/shared" "3.2.20"

"@vue/shared@3.2.20":
  version "3.2.20"
  resolved "https://registry.npmmirror.com/@vue/shared/download/@vue/shared-3.2.20.tgz?cache=0&sync_timestamp=1633712593357&other_urls=https%3A%2F%2Fregistry.npmmirror.com%2F%40vue%2Fshared%2Fdownload%2F%40vue%2Fshared-3.2.20.tgz#53746961f731a8ea666e3316271e944238dc31db"
  integrity sha1-U3RpYfcxqOpmbjMWJx6UQjjcMds=

ansi-colors@^4.1.1:
  version "4.1.1"
  resolved "https://registry.nlark.com/ansi-colors/download/ansi-colors-4.1.1.tgz#cbb9ae256bf750af1eab344f229aa27fe94ba348"
  integrity sha1-y7muJWv3UK8eqzRPIpqif+lLo0g=

ansi-styles@^4.1.0:
  version "4.3.0"
  resolved "https://registry.nlark.com/ansi-styles/download/ansi-styles-4.3.0.tgz?cache=0&sync_timestamp=1618995588464&other_urls=https%3A%2F%2Fregistry.nlark.com%2Fansi-styles%2Fdownload%2Fansi-styles-4.3.0.tgz#edd803628ae71c04c85ae7a0906edad34b648937"
  integrity sha1-7dgDYornHATIWuegkG7a00tkiTc=
  dependencies:
    color-convert "^2.0.1"

boolean@^3.0.1:
  version "3.1.4"
  resolved "https://registry.nlark.com/boolean/download/boolean-3.1.4.tgz#f51a2fb5838a99e06f9b6ec1edb674de67026435"
  integrity sha1-9RovtYOKmeBvm27B7bZ03mcCZDU=

buffer-crc32@~0.2.3:
  version "0.2.13"
  resolved "https://registry.npm.taobao.org/buffer-crc32/download/buffer-crc32-0.2.13.tgz#0d333e3f00eac50aa1454abd30ef8c2a5d9a7242"
  integrity sha1-DTM+PwDqxQqhRUq9MO+MKl2ackI=

buffer-from@^1.0.0:
  version "1.1.2"
  resolved "https://registry.nlark.com/buffer-from/download/buffer-from-1.1.2.tgz?cache=0&sync_timestamp=1627578450949&other_urls=https%3A%2F%2Fregistry.nlark.com%2Fbuffer-from%2Fdownload%2Fbuffer-from-1.1.2.tgz#2b146a6fd72e80b4f55d255f35ed59a3a9a41bd5"
  integrity sha1-KxRqb9cugLT1XSVfNe1Zo6mkG9U=

cacheable-request@^6.0.0:
  version "6.1.0"
  resolved "https://registry.nlark.com/cacheable-request/download/cacheable-request-6.1.0.tgz#20ffb8bd162ba4be11e9567d823db651052ca912"
  integrity sha1-IP+4vRYrpL4R6VZ9gj22UQUsqRI=
  dependencies:
    clone-response "^1.0.2"
    get-stream "^5.1.0"
    http-cache-semantics "^4.0.0"
    keyv "^3.0.0"
    lowercase-keys "^2.0.0"
    normalize-url "^4.1.0"
    responselike "^1.0.2"

chalk@^4.1.2:
  version "4.1.2"
  resolved "https://registry.nlark.com/chalk/download/chalk-4.1.2.tgz?cache=0&sync_timestamp=1627646655305&other_urls=https%3A%2F%2Fregistry.nlark.com%2Fchalk%2Fdownload%2Fchalk-4.1.2.tgz#aac4e2b7734a740867aeb16bf02aad556a1e7a01"
  integrity sha1-qsTit3NKdAhnrrFr8CqtVWoeegE=
  dependencies:
    ansi-styles "^4.1.0"
    supports-color "^7.1.0"

clone-response@^1.0.2:
  version "1.0.2"
  resolved "https://registry.npm.taobao.org/clone-response/download/clone-response-1.0.2.tgz#d1dc973920314df67fbeb94223b4ee350239e96b"
  integrity sha1-0dyXOSAxTfZ/vrlCI7TuNQI56Ws=
  dependencies:
    mimic-response "^1.0.0"

color-convert@^2.0.1:
  version "2.0.1"
  resolved "https://registry.nlark.com/color-convert/download/color-convert-2.0.1.tgz#72d3a68d598c9bdb3af2ad1e84f21d896abd4de3"
  integrity sha1-ctOmjVmMm9s68q0ehPIdiWq9TeM=
  dependencies:
    color-name "~1.1.4"

color-name@~1.1.4:
  version "1.1.4"
  resolved "https://registry.npm.taobao.org/color-name/download/color-name-1.1.4.tgz#c2a09a87acbde69543de6f63fa3995c826c536a2"
  integrity sha1-wqCah6y95pVD3m9j+jmVyCbFNqI=

concat-stream@^1.6.2:
  version "1.6.2"
  resolved "https://registry.npm.taobao.org/concat-stream/download/concat-stream-1.6.2.tgz#904bdf194cd3122fc675c77fc4ac3d4ff0fd1a34"
  integrity sha1-kEvfGUzTEi/Gdcd/xKw9T/D9GjQ=
  dependencies:
    buffer-from "^1.0.0"
    inherits "^2.0.3"
    readable-stream "^2.2.2"
    typedarray "^0.0.6"

config-chain@^1.1.11:
  version "1.1.13"
  resolved "https://registry.nlark.com/config-chain/download/config-chain-1.1.13.tgz?cache=0&sync_timestamp=1622745851079&other_urls=https%3A%2F%2Fregistry.nlark.com%2Fconfig-chain%2Fdownload%2Fconfig-chain-1.1.13.tgz#fad0795aa6a6cdaff9ed1b68e9dff94372c232f4"
  integrity sha1-+tB5Wqamza/57Rto6d/5Q3LCMvQ=
  dependencies:
    ini "^1.3.4"
    proto-list "~1.2.1"

core-js@^3.6.5:
  version "3.19.0"
  resolved "https://registry.npmmirror.com/core-js/download/core-js-3.19.0.tgz?cache=0&sync_timestamp=1635142905717&other_urls=https%3A%2F%2Fregistry.npmmirror.com%2Fcore-js%2Fdownload%2Fcore-js-3.19.0.tgz#9e40098a9bc326c7e81b486abbd5e12b9d275176"
  integrity sha1-nkAJipvDJsfoG0hqu9XhK50nUXY=

core-util-is@~1.0.0:
  version "1.0.3"
  resolved "https://registry.nlark.com/core-util-is/download/core-util-is-1.0.3.tgz#a6042d3634c2b27e9328f837b965fac83808db85"
  integrity sha1-pgQtNjTCsn6TKPg3uWX6yDgI24U=

cross-spawn@^7.0.3:
  version "7.0.3"
  resolved "https://registry.nlark.com/cross-spawn/download/cross-spawn-7.0.3.tgz#f73a85b9d5d41d045551c177e2882d4ac85728a6"
  integrity sha1-9zqFudXUHQRVUcF34ogtSshXKKY=
  dependencies:
    path-key "^3.1.0"
    shebang-command "^2.0.0"
    which "^2.0.1"

csstype@^2.6.8:
  version "2.6.18"
  resolved "https://registry.nlark.com/csstype/download/csstype-2.6.18.tgz?cache=0&sync_timestamp=1631540709509&other_urls=https%3A%2F%2Fregistry.nlark.com%2Fcsstype%2Fdownload%2Fcsstype-2.6.18.tgz#980a8b53085f34af313410af064f2bd241784218"
  integrity sha1-mAqLUwhfNK8xNBCvBk8r0kF4Qhg=

debug@^2.6.9:
  version "2.6.9"
  resolved "https://registry.nlark.com/debug/download/debug-2.6.9.tgz?cache=0&sync_timestamp=1625374648057&other_urls=https%3A%2F%2Fregistry.nlark.com%2Fdebug%2Fdownload%2Fdebug-2.6.9.tgz#5d128515df134ff327e90a4c93f4e077a536341f"
  integrity sha1-XRKFFd8TT/Mn6QpMk/Tgd6U2NB8=
  dependencies:
    ms "2.0.0"

debug@^4.1.0, debug@^4.1.1:
  version "4.3.2"
  resolved "https://registry.nlark.com/debug/download/debug-4.3.2.tgz?cache=0&sync_timestamp=1625374648057&other_urls=https%3A%2F%2Fregistry.nlark.com%2Fdebug%2Fdownload%2Fdebug-4.3.2.tgz#f0a49c18ac8779e31d4a0c6029dfb76873c7428b"
  integrity sha1-8KScGKyHeeMdSgxgKd+3aHPHQos=
  dependencies:
    ms "2.1.2"

decompress-response@^3.3.0:
  version "3.3.0"
  resolved "https://registry.npm.taobao.org/decompress-response/download/decompress-response-3.3.0.tgz?cache=0&sync_timestamp=1613125280468&other_urls=https%3A%2F%2Fregistry.npm.taobao.org%2Fdecompress-response%2Fdownload%2Fdecompress-response-3.3.0.tgz#80a4dd323748384bfa248083622aedec982adff3"
  integrity sha1-gKTdMjdIOEv6JICDYirt7Jgq3/M=
  dependencies:
    mimic-response "^1.0.0"

defer-to-connect@^1.0.1:
  version "1.1.3"
  resolved "https://registry.nlark.com/defer-to-connect/download/defer-to-connect-1.1.3.tgz#331ae050c08dcf789f8c83a7b81f0ed94f4ac591"
  integrity sha1-MxrgUMCNz3ifjIOnuB8O2U9KxZE=

define-properties@^1.1.3:
  version "1.1.3"
  resolved "https://registry.npm.taobao.org/define-properties/download/define-properties-1.1.3.tgz#cf88da6cbee26fe6db7094f61d870cbd84cee9f1"
  integrity sha1-z4jabL7ib+bbcJT2HYcMvYTO6fE=
  dependencies:
    object-keys "^1.0.12"

detect-node@^2.0.4:
  version "2.1.0"
  resolved "https://registry.nlark.com/detect-node/download/detect-node-2.1.0.tgz?cache=0&sync_timestamp=1621146902208&other_urls=https%3A%2F%2Fregistry.nlark.com%2Fdetect-node%2Fdownload%2Fdetect-node-2.1.0.tgz#c9c70775a49c3d03bc2c06d9a73be550f978f8b1"
  integrity sha1-yccHdaScPQO8LAbZpzvlUPl4+LE=

duplexer3@^0.1.4:
  version "0.1.4"
  resolved "https://registry.npm.taobao.org/duplexer3/download/duplexer3-0.1.4.tgz#ee01dd1cac0ed3cbc7fdbea37dc0a8f1ce002ce2"
  integrity sha1-7gHdHKwO08vH/b6jfcCo8c4ALOI=

electron@^15.3.0:
  version "15.3.0"
  resolved "https://registry.npmmirror.com/electron/download/electron-15.3.0.tgz#f9803c5a05b2dac12efc6d4203492c7e204b4819"
  integrity sha1-+YA8WgWy2sEu/G1CA0ksfiBLSBk=
  dependencies:
    "@electron/get" "^1.13.0"
    "@types/node" "^14.6.2"
    extract-zip "^1.0.3"

encodeurl@^1.0.2:
  version "1.0.2"
  resolved "https://registry.nlark.com/encodeurl/download/encodeurl-1.0.2.tgz#ad3ff4c86ec2d029322f5a02c3a9a606c95b3f59"
  integrity sha1-rT/0yG7C0CkyL1oCw6mmBslbP1k=

end-of-stream@^1.1.0:
  version "1.4.4"
  resolved "https://registry.nlark.com/end-of-stream/download/end-of-stream-1.4.4.tgz#5ae64a5f45057baf3626ec14da0ca5e4b2431eb0"
  integrity sha1-WuZKX0UFe682JuwU2gyl5LJDHrA=
  dependencies:
    once "^1.4.0"

enquirer@^2.3.6:
  version "2.3.6"
  resolved "https://registry.npm.taobao.org/enquirer/download/enquirer-2.3.6.tgz#2a7fe5dd634a1e4125a975ec994ff5456dc3734d"
  integrity sha1-Kn/l3WNKHkElqXXsmU/1RW3Dc00=
  dependencies:
    ansi-colors "^4.1.1"

env-paths@^2.2.0:
  version "2.2.1"
  resolved "https://registry.nlark.com/env-paths/download/env-paths-2.2.1.tgz?cache=0&sync_timestamp=1630095479786&other_urls=https%3A%2F%2Fregistry.nlark.com%2Fenv-paths%2Fdownload%2Fenv-paths-2.2.1.tgz#420399d416ce1fbe9bc0a07c62fa68d67fd0f8f2"
  integrity sha1-QgOZ1BbOH76bwKB8Yvpo1n/Q+PI=

es6-error@^4.1.1:
  version "4.1.1"
  resolved "https://registry.npm.taobao.org/es6-error/download/es6-error-4.1.1.tgz#9e3af407459deed47e9a91f9b885a84eb05c561d"
  integrity sha1-njr0B0Wd7tR+mpH5uIWoTrBcVh0=

esbuild-android-arm64@0.13.9:
  version "0.13.9"
  resolved "https://registry.npmmirror.com/esbuild-android-arm64/download/esbuild-android-arm64-0.13.9.tgz?cache=0&sync_timestamp=1635080371966&other_urls=https%3A%2F%2Fregistry.npmmirror.com%2Fesbuild-android-arm64%2Fdownload%2Fesbuild-android-arm64-0.13.9.tgz#6cc4a0c623332c0830a311ddd8242b1f496ff940"
  integrity sha1-bMSgxiMzLAgwoxHd2CQrH0lv+UA=

esbuild-darwin-64@0.13.9:
  version "0.13.9"
  resolved "https://registry.npmmirror.com/esbuild-darwin-64/download/esbuild-darwin-64-0.13.9.tgz#df44297c2438032cda2b21548a82bb007e2105cc"
  integrity sha1-30QpfCQ4AyzaKyFUioK7AH4hBcw=

esbuild-darwin-arm64@0.13.9:
  version "0.13.9"
  resolved "https://registry.npmmirror.com/esbuild-darwin-arm64/download/esbuild-darwin-arm64-0.13.9.tgz?cache=0&sync_timestamp=1635080376028&other_urls=https%3A%2F%2Fregistry.npmmirror.com%2Fesbuild-darwin-arm64%2Fdownload%2Fesbuild-darwin-arm64-0.13.9.tgz#704ef404a6a38eda190d40ed354e7f2c1c839081"
  integrity sha1-cE70BKajjtoZDUDtNU5/LByDkIE=

esbuild-freebsd-64@0.13.9:
  version "0.13.9"
  resolved "https://registry.npmmirror.com/esbuild-freebsd-64/download/esbuild-freebsd-64-0.13.9.tgz?cache=0&sync_timestamp=1635080377122&other_urls=https%3A%2F%2Fregistry.npmmirror.com%2Fesbuild-freebsd-64%2Fdownload%2Fesbuild-freebsd-64-0.13.9.tgz#fbbf22c99e15f27d0f8a1a040d7961a86f0d3a4e"
  integrity sha1-+78iyZ4V8n0PihoEDXlhqG8NOk4=

esbuild-freebsd-arm64@0.13.9:
  version "0.13.9"
  resolved "https://registry.npmmirror.com/esbuild-freebsd-arm64/download/esbuild-freebsd-arm64-0.13.9.tgz?cache=0&sync_timestamp=1635080378903&other_urls=https%3A%2F%2Fregistry.npmmirror.com%2Fesbuild-freebsd-arm64%2Fdownload%2Fesbuild-freebsd-arm64-0.13.9.tgz#809fff4c43653dbbf071ffce9f80a030b278098e"
  integrity sha1-gJ//TENlPbvwcf/On4CgMLJ4CY4=

esbuild-linux-32@0.13.9:
  version "0.13.9"
  resolved "https://registry.npmmirror.com/esbuild-linux-32/download/esbuild-linux-32-0.13.9.tgz?cache=0&sync_timestamp=1635080341229&other_urls=https%3A%2F%2Fregistry.npmmirror.com%2Fesbuild-linux-32%2Fdownload%2Fesbuild-linux-32-0.13.9.tgz#f9fd3423481e51674e9817d5eea25689889a5f5a"
  integrity sha1-+f00I0geUWdOmBfV7qJWiYiaX1o=

esbuild-linux-64@0.13.9:
  version "0.13.9"
  resolved "https://registry.npmmirror.com/esbuild-linux-64/download/esbuild-linux-64-0.13.9.tgz?cache=0&sync_timestamp=1635080342782&other_urls=https%3A%2F%2Fregistry.npmmirror.com%2Fesbuild-linux-64%2Fdownload%2Fesbuild-linux-64-0.13.9.tgz#9d7f66866dae1abaff7cbc3749f2847d5fb72fd5"
  integrity sha1-nX9mhm2uGrr/fLw3SfKEfV+3L9U=

esbuild-linux-arm64@0.13.9:
  version "0.13.9"
  resolved "https://registry.npmmirror.com/esbuild-linux-arm64/download/esbuild-linux-arm64-0.13.9.tgz?cache=0&sync_timestamp=1635080344573&other_urls=https%3A%2F%2Fregistry.npmmirror.com%2Fesbuild-linux-arm64%2Fdownload%2Fesbuild-linux-arm64-0.13.9.tgz#669202e71b9ced4d285bfd1d69de948e013ac28f"
  integrity sha1-ZpIC5xuc7U0oW/0dad6UjgE6wo8=

esbuild-linux-arm@0.13.9:
  version "0.13.9"
  resolved "https://registry.npmmirror.com/esbuild-linux-arm/download/esbuild-linux-arm-0.13.9.tgz?cache=0&sync_timestamp=1635080343685&other_urls=https%3A%2F%2Fregistry.npmmirror.com%2Fesbuild-linux-arm%2Fdownload%2Fesbuild-linux-arm-0.13.9.tgz#c3ceb56ec0e3dbd1a3a89dca6cb7fc0ca360bcc8"
  integrity sha1-w861bsDj29GjqJ3KbLf8DKNgvMg=

esbuild-linux-mips64le@0.13.9:
  version "0.13.9"
  resolved "https://registry.npmmirror.com/esbuild-linux-mips64le/download/esbuild-linux-mips64le-0.13.9.tgz?cache=0&sync_timestamp=1635080345532&other_urls=https%3A%2F%2Fregistry.npmmirror.com%2Fesbuild-linux-mips64le%2Fdownload%2Fesbuild-linux-mips64le-0.13.9.tgz#bf4bd389ee14b67c5c77669952f2de6b2cc8a003"
  integrity sha1-v0vTie4Utnxcd2aZUvLeayzIoAM=

esbuild-linux-ppc64le@0.13.9:
  version "0.13.9"
  resolved "https://registry.npmmirror.com/esbuild-linux-ppc64le/download/esbuild-linux-ppc64le-0.13.9.tgz?cache=0&sync_timestamp=1635080346981&other_urls=https%3A%2F%2Fregistry.npmmirror.com%2Fesbuild-linux-ppc64le%2Fdownload%2Fesbuild-linux-ppc64le-0.13.9.tgz#465b7bdc70577da606b3b5d463028292b6d834ad"
  integrity sha1-Rlt73HBXfaYGs7XUYwKCkrbYNK0=

esbuild-netbsd-64@0.13.9:
  version "0.13.9"
  resolved "https://registry.npmmirror.com/esbuild-netbsd-64/download/esbuild-netbsd-64-0.13.9.tgz?cache=0&sync_timestamp=1635080900096&other_urls=https%3A%2F%2Fregistry.npmmirror.com%2Fesbuild-netbsd-64%2Fdownload%2Fesbuild-netbsd-64-0.13.9.tgz#94f2dabe83520066cc1e1fae3ecff78695a8ebb1"
  integrity sha1-lPLavoNSAGbMHh+uPs/3hpWo67E=

esbuild-openbsd-64@0.13.9:
  version "0.13.9"
  resolved "https://registry.npmmirror.com/esbuild-openbsd-64/download/esbuild-openbsd-64-0.13.9.tgz?cache=0&sync_timestamp=1635080349166&other_urls=https%3A%2F%2Fregistry.npmmirror.com%2Fesbuild-openbsd-64%2Fdownload%2Fesbuild-openbsd-64-0.13.9.tgz#b47f6a641ca37358aeedb2b7c4bb73dd0682c6d5"
  integrity sha1-tH9qZByjc1iu7bK3xLtz3QaCxtU=

esbuild-sunos-64@0.13.9:
  version "0.13.9"
  resolved "https://registry.npmmirror.com/esbuild-sunos-64/download/esbuild-sunos-64-0.13.9.tgz#b0df4a316b7c98eb490f4bd0db381cf2c391ae73"
  integrity sha1-sN9KMWt8mOtJD0vQ2zgc8sORrnM=

esbuild-windows-32@0.13.9:
  version "0.13.9"
  resolved "https://registry.npmmirror.com/esbuild-windows-32/download/esbuild-windows-32-0.13.9.tgz#e229563e134e634f9748cc8315c691e2013259ef"
  integrity sha1-4ilWPhNOY0+XSMyDFcaR4gEyWe8=

esbuild-windows-64@0.13.9:
  version "0.13.9"
  resolved "https://registry.npmmirror.com/esbuild-windows-64/download/esbuild-windows-64-0.13.9.tgz#103ad3f13e1a0e44934b91f358e81dd201b86b34"
  integrity sha1-EDrT8T4aDkSTS5HzWOgd0gG4azQ=

esbuild-windows-arm64@0.13.9:
  version "0.13.9"
  resolved "https://registry.npmmirror.com/esbuild-windows-arm64/download/esbuild-windows-arm64-0.13.9.tgz#545bb58848008258b339b1b00fcfe92c85bc7251"
  integrity sha1-VFu1iEgAglizObGwD8/pLIW8clE=

esbuild@^0.13.2:
  version "0.13.9"
  resolved "https://registry.npmmirror.com/esbuild/download/esbuild-0.13.9.tgz#aafc4b3375ac443ae7b223c26c4e58d10d2d535b"
  integrity sha1-qvxLM3WsRDrnsiPCbE5Y0Q0tU1s=
  optionalDependencies:
    esbuild-android-arm64 "0.13.9"
    esbuild-darwin-64 "0.13.9"
    esbuild-darwin-arm64 "0.13.9"
    esbuild-freebsd-64 "0.13.9"
    esbuild-freebsd-arm64 "0.13.9"
    esbuild-linux-32 "0.13.9"
    esbuild-linux-64 "0.13.9"
    esbuild-linux-arm "0.13.9"
    esbuild-linux-arm64 "0.13.9"
    esbuild-linux-mips64le "0.13.9"
    esbuild-linux-ppc64le "0.13.9"
    esbuild-netbsd-64 "0.13.9"
    esbuild-openbsd-64 "0.13.9"
    esbuild-sunos-64 "0.13.9"
    esbuild-windows-32 "0.13.9"
    esbuild-windows-64 "0.13.9"
    esbuild-windows-arm64 "0.13.9"

escape-string-regexp@^4.0.0:
  version "4.0.0"
  resolved "https://registry.nlark.com/escape-string-regexp/download/escape-string-regexp-4.0.0.tgz#14ba83a5d373e3d311e5afca29cf5bfad965bf34"
  integrity sha1-FLqDpdNz49MR5a/KKc9b+tllvzQ=

estree-walker@^2.0.2:
  version "2.0.2"
  resolved "https://registry.npm.taobao.org/estree-walker/download/estree-walker-2.0.2.tgz#52f010178c2a4c117a7757cfe942adb7d2da4cac"
  integrity sha1-UvAQF4wqTBF6d1fP6UKtt9LaTKw=

execa@^5.1.1:
  version "5.1.1"
  resolved "https://registry.nlark.com/execa/download/execa-5.1.1.tgz#f80ad9cbf4298f7bd1d4c9555c21e93741c411dd"
  integrity sha1-+ArZy/Qpj3vR1MlVXCHpN0HEEd0=
  dependencies:
    cross-spawn "^7.0.3"
    get-stream "^6.0.0"
    human-signals "^2.1.0"
    is-stream "^2.0.0"
    merge-stream "^2.0.0"
    npm-run-path "^4.0.1"
    onetime "^5.1.2"
    signal-exit "^3.0.3"
    strip-final-newline "^2.0.0"

extract-zip@^1.0.3:
  version "1.7.0"
  resolved "https://registry.nlark.com/extract-zip/download/extract-zip-1.7.0.tgz#556cc3ae9df7f452c493a0cfb51cc30277940927"
  integrity sha1-VWzDrp339FLEk6DPtRzDAneUCSc=
  dependencies:
    concat-stream "^1.6.2"
    debug "^2.6.9"
    mkdirp "^0.5.4"
    yauzl "^2.10.0"

fd-slicer@~1.1.0:
  version "1.1.0"
  resolved "https://registry.npm.taobao.org/fd-slicer/download/fd-slicer-1.1.0.tgz#25c7c89cb1f9077f8891bbe61d8f390eae256f1e"
  integrity sha1-JcfInLH5B3+IkbvmHY85Dq4lbx4=
  dependencies:
    pend "~1.2.0"

fs-extra@^8.1.0:
  version "8.1.0"
  resolved "https://registry.nlark.com/fs-extra/download/fs-extra-8.1.0.tgz#49d43c45a88cd9677668cb7be1b46efdb8d2e1c0"
  integrity sha1-SdQ8RaiM2Wd2aMt74bRu/bjS4cA=
  dependencies:
    graceful-fs "^4.2.0"
    jsonfile "^4.0.0"
    universalify "^0.1.0"

fsevents@~2.3.2:
  version "2.3.2"
  resolved "https://registry.nlark.com/fsevents/download/fsevents-2.3.2.tgz#8a526f78b8fdf4623b709e0b975c52c24c02fd1a"
  integrity sha1-ilJveLj99GI7cJ4Ll1xSwkwC/Ro=

function-bind@^1.1.1:
  version "1.1.1"
  resolved "https://registry.nlark.com/function-bind/download/function-bind-1.1.1.tgz#a56899d3ea3c9bab874bb9773b7c5ede92f4895d"
  integrity sha1-pWiZ0+o8m6uHS7l3O3xe3pL0iV0=

get-stream@^4.1.0:
  version "4.1.0"
  resolved "https://registry.npm.taobao.org/get-stream/download/get-stream-4.1.0.tgz#c1b255575f3dc21d59bfc79cd3d2b46b1c3a54b5"
  integrity sha1-wbJVV189wh1Zv8ec09K0axw6VLU=
  dependencies:
    pump "^3.0.0"

get-stream@^5.1.0:
  version "5.2.0"
  resolved "https://registry.npm.taobao.org/get-stream/download/get-stream-5.2.0.tgz#4966a1795ee5ace65e706c4b7beb71257d6e22d3"
  integrity sha1-SWaheV7lrOZecGxLe+txJX1uItM=
  dependencies:
    pump "^3.0.0"

get-stream@^6.0.0:
  version "6.0.1"
  resolved "https://registry.npm.taobao.org/get-stream/download/get-stream-6.0.1.tgz#a262d8eef67aced57c2852ad6167526a43cbf7b7"
  integrity sha1-omLY7vZ6ztV8KFKtYWdSakPL97c=

global-agent@^2.0.2:
  version "2.2.0"
  resolved "https://registry.nlark.com/global-agent/download/global-agent-2.2.0.tgz#566331b0646e6bf79429a16877685c4a1fbf76dc"
  integrity sha1-VmMxsGRua/eUKaFod2hcSh+/dtw=
  dependencies:
    boolean "^3.0.1"
    core-js "^3.6.5"
    es6-error "^4.1.1"
    matcher "^3.0.0"
    roarr "^2.15.3"
    semver "^7.3.2"
    serialize-error "^7.0.1"

global-tunnel-ng@^2.7.1:
  version "2.7.1"
  resolved "https://registry.nlark.com/global-tunnel-ng/download/global-tunnel-ng-2.7.1.tgz#d03b5102dfde3a69914f5ee7d86761ca35d57d8f"
  integrity sha1-0DtRAt/eOmmRT17n2GdhyjXVfY8=
  dependencies:
    encodeurl "^1.0.2"
    lodash "^4.17.10"
    npm-conf "^1.1.3"
    tunnel "^0.0.6"

globalthis@^1.0.1:
  version "1.0.2"
  resolved "https://registry.nlark.com/globalthis/download/globalthis-1.0.2.tgz#2a235d34f4d8036219f7e34929b5de9e18166b8b"
  integrity sha1-KiNdNPTYA2IZ9+NJKbXenhgWa4s=
  dependencies:
    define-properties "^1.1.3"

got@^9.6.0:
  version "9.6.0"
  resolved "https://registry.nlark.com/got/download/got-9.6.0.tgz?cache=0&sync_timestamp=1628752491100&other_urls=https%3A%2F%2Fregistry.nlark.com%2Fgot%2Fdownload%2Fgot-9.6.0.tgz#edf45e7d67f99545705de1f7bbeeeb121765ed85"
  integrity sha1-7fRefWf5lUVwXeH3u+7rEhdl7YU=
  dependencies:
    "@sindresorhus/is" "^0.14.0"
    "@szmarczak/http-timer" "^1.1.2"
    cacheable-request "^6.0.0"
    decompress-response "^3.3.0"
    duplexer3 "^0.1.4"
    get-stream "^4.1.0"
    lowercase-keys "^1.0.1"
    mimic-response "^1.0.1"
    p-cancelable "^1.0.0"
    to-readable-stream "^1.0.0"
    url-parse-lax "^3.0.0"

graceful-fs@^4.1.6, graceful-fs@^4.2.0:
  version "4.2.8"
  resolved "https://registry.nlark.com/graceful-fs/download/graceful-fs-4.2.8.tgz?cache=0&other_urls=https%3A%2F%2Fregistry.nlark.com%2Fgraceful-fs%2Fdownload%2Fgraceful-fs-4.2.8.tgz#e412b8d33f5e006593cbd3cee6df9f2cebbe802a"
  integrity sha1-5BK40z9eAGWTy9PO5t+fLOu+gCo=

has-flag@^4.0.0:
  version "4.0.0"
  resolved "https://registry.nlark.com/has-flag/download/has-flag-4.0.0.tgz?cache=0&sync_timestamp=1626715907927&other_urls=https%3A%2F%2Fregistry.nlark.com%2Fhas-flag%2Fdownload%2Fhas-flag-4.0.0.tgz#944771fd9c81c81265c4d6941860da06bb59479b"
  integrity sha1-lEdx/ZyByBJlxNaUGGDaBrtZR5s=

has@^1.0.3:
  version "1.0.3"
  resolved "https://registry.nlark.com/has/download/has-1.0.3.tgz#722d7cbfc1f6aa8241f16dd814e011e1f41e8796"
  integrity sha1-ci18v8H2qoJB8W3YFOAR4fQeh5Y=
  dependencies:
    function-bind "^1.1.1"

http-cache-semantics@^4.0.0:
  version "4.1.0"
  resolved "https://registry.nlark.com/http-cache-semantics/download/http-cache-semantics-4.1.0.tgz#49e91c5cbf36c9b94bcfcd71c23d5249ec74e390"
  integrity sha1-SekcXL82yblLz81xwj1SSex045A=

human-signals@^2.1.0:
  version "2.1.0"
  resolved "https://registry.nlark.com/human-signals/download/human-signals-2.1.0.tgz#dc91fcba42e4d06e4abaed33b3e7a3c02f514ea0"
  integrity sha1-3JH8ukLk0G5Kuu0zs+ejwC9RTqA=

inherits@^2.0.3, inherits@~2.0.3:
  version "2.0.4"
  resolved "https://registry.nlark.com/inherits/download/inherits-2.0.4.tgz#0fa2c64f932917c3433a0ded55363aae37416b7c"
  integrity sha1-D6LGT5MpF8NDOg3tVTY6rjdBa3w=

ini@^1.3.4:
  version "1.3.8"
  resolved "https://registry.nlark.com/ini/download/ini-1.3.8.tgz#a29da425b48806f34767a4efce397269af28432c"
  integrity sha1-op2kJbSIBvNHZ6Tvzjlyaa8oQyw=

is-core-module@^2.2.0:
  version "2.8.0"
  resolved "https://registry.npmmirror.com/is-core-module/download/is-core-module-2.8.0.tgz#0321336c3d0925e497fd97f5d95cb114a5ccd548"
  integrity sha1-AyEzbD0JJeSX/Zf12VyxFKXM1Ug=
  dependencies:
    has "^1.0.3"

is-stream@^2.0.0:
  version "2.0.1"
  resolved "https://registry.nlark.com/is-stream/download/is-stream-2.0.1.tgz#fac1e3d53b97ad5a9d0ae9cef2389f5810a5c077"
  integrity sha1-+sHj1TuXrVqdCunO8jifWBClwHc=

isarray@~1.0.0:
  version "1.0.0"
  resolved "https://registry.nlark.com/isarray/download/isarray-1.0.0.tgz#bb935d48582cba168c06834957a54a3e07124f11"
  integrity sha1-u5NdSFgsuhaMBoNJV6VKPgcSTxE=

isexe@^2.0.0:
  version "2.0.0"
  resolved "https://registry.npm.taobao.org/isexe/download/isexe-2.0.0.tgz#e8fbf374dc556ff8947a10dcb0572d633f2cfa10"
  integrity sha1-6PvzdNxVb/iUehDcsFctYz8s+hA=

json-buffer@3.0.0:
  version "3.0.0"
  resolved "https://registry.npm.taobao.org/json-buffer/download/json-buffer-3.0.0.tgz#5b1f397afc75d677bde8bcfc0e47e1f9a3d9a898"
  integrity sha1-Wx85evx11ne96Lz8Dkfh+aPZqJg=

json-stringify-safe@^5.0.1:
  version "5.0.1"
  resolved "https://registry.nlark.com/json-stringify-safe/download/json-stringify-safe-5.0.1.tgz#1296a2d58fd45f19a0f6ce01d65701e2c735b6eb"
  integrity sha1-Epai1Y/UXxmg9s4B1lcB4sc1tus=

jsonfile@^4.0.0:
  version "4.0.0"
  resolved "https://registry.npm.taobao.org/jsonfile/download/jsonfile-4.0.0.tgz?cache=0&sync_timestamp=1604161876665&other_urls=https%3A%2F%2Fregistry.npm.taobao.org%2Fjsonfile%2Fdownload%2Fjsonfile-4.0.0.tgz#8771aae0799b64076b76640fca058f9c10e33ecb"
  integrity sha1-h3Gq4HmbZAdrdmQPygWPnBDjPss=
  optionalDependencies:
    graceful-fs "^4.1.6"

keyv@^3.0.0:
  version "3.1.0"
  resolved "https://registry.npm.taobao.org/keyv/download/keyv-3.1.0.tgz#ecc228486f69991e49e9476485a5be1e8fc5c4d9"
  integrity sha1-7MIoSG9pmR5J6UdkhaW+Ho/FxNk=
  dependencies:
    json-buffer "3.0.0"

lodash@^4.17.10:
  version "4.17.21"
  resolved "https://registry.nlark.com/lodash/download/lodash-4.17.21.tgz?cache=0&sync_timestamp=1618847150612&other_urls=https%3A%2F%2Fregistry.nlark.com%2Flodash%2Fdownload%2Flodash-4.17.21.tgz#679591c564c3bffaae8454cf0b3df370c3d6911c"
  integrity sha1-Z5WRxWTDv/quhFTPCz3zcMPWkRw=

lowercase-keys@^1.0.0, lowercase-keys@^1.0.1:
  version "1.0.1"
  resolved "https://registry.npmmirror.com/lowercase-keys/download/lowercase-keys-1.0.1.tgz#6f9e30b47084d971a7c820ff15a6c5167b74c26f"
  integrity sha1-b54wtHCE2XGnyCD/FabFFnt0wm8=

lowercase-keys@^2.0.0:
  version "2.0.0"
  resolved "https://registry.npmmirror.com/lowercase-keys/download/lowercase-keys-2.0.0.tgz#2603e78b7b4b0006cbca2fbcc8a3202558ac9479"
  integrity sha1-JgPni3tLAAbLyi+8yKMgJVislHk=

lru-cache@^6.0.0:
  version "6.0.0"
  resolved "https://registry.npm.taobao.org/lru-cache/download/lru-cache-6.0.0.tgz#6d6fe6570ebd96aaf90fcad1dafa3b2566db3a94"
  integrity sha1-bW/mVw69lqr5D8rR2vo7JWbbOpQ=
  dependencies:
    yallist "^4.0.0"

magic-string@^0.25.7:
  version "0.25.7"
  resolved "https://registry.npm.taobao.org/magic-string/download/magic-string-0.25.7.tgz#3f497d6fd34c669c6798dcb821f2ef31f5445051"
  integrity sha1-P0l9b9NMZpxnmNy4IfLvMfVEUFE=
  dependencies:
    sourcemap-codec "^1.4.4"

matcher@^3.0.0:
  version "3.0.0"
  resolved "https://registry.npmmirror.com/matcher/download/matcher-3.0.0.tgz#bd9060f4c5b70aa8041ccc6f80368760994f30ca"
  integrity sha1-vZBg9MW3CqgEHMxvgDaHYJlPMMo=
  dependencies:
    escape-string-regexp "^4.0.0"

merge-stream@^2.0.0:
  version "2.0.0"
  resolved "https://registry.nlark.com/merge-stream/download/merge-stream-2.0.0.tgz#52823629a14dd00c9770fb6ad47dc6310f2c1f60"
  integrity sha1-UoI2KaFN0AyXcPtq1H3GMQ8sH2A=

mimic-fn@^2.1.0:
  version "2.1.0"
  resolved "https://registry.nlark.com/mimic-fn/download/mimic-fn-2.1.0.tgz#7ed2c2ccccaf84d3ffcb7a69b57711fc2083401b"
  integrity sha1-ftLCzMyvhNP/y3pptXcR/CCDQBs=

mimic-response@^1.0.0, mimic-response@^1.0.1:
  version "1.0.1"
  resolved "https://registry.nlark.com/mimic-response/download/mimic-response-1.0.1.tgz?cache=0&sync_timestamp=1628692524926&other_urls=https%3A%2F%2Fregistry.nlark.com%2Fmimic-response%2Fdownload%2Fmimic-response-1.0.1.tgz#4923538878eef42063cb8a3e3b0798781487ab1b"
  integrity sha1-SSNTiHju9CBjy4o+OweYeBSHqxs=

minimist@^1.2.5:
  version "1.2.5"
  resolved "https://registry.npm.taobao.org/minimist/download/minimist-1.2.5.tgz#67d66014b66a6a8aaa0c083c5fd58df4e4e97602"
  integrity sha1-Z9ZgFLZqaoqqDAg8X9WN9OTpdgI=

mkdirp@^0.5.4:
  version "0.5.5"
  resolved "https://registry.npm.taobao.org/mkdirp/download/mkdirp-0.5.5.tgz#d91cefd62d1436ca0f41620e251288d420099def"
  integrity sha1-2Rzv1i0UNsoPQWIOJRKI1CAJne8=
  dependencies:
    minimist "^1.2.5"

ms@2.0.0:
  version "2.0.0"
  resolved "https://registry.npmmirror.com/ms/download/ms-2.0.0.tgz#5608aeadfc00be6c2901df5f9861788de0d597c8"
  integrity sha1-VgiurfwAvmwpAd9fmGF4jeDVl8g=

ms@2.1.2:
  version "2.1.2"
  resolved "https://registry.npmmirror.com/ms/download/ms-2.1.2.tgz#d09d1f357b443f493382a8eb3ccd183872ae6009"
  integrity sha1-0J0fNXtEP0kzgqjrPM0YOHKuYAk=

nanoid@^3.1.30:
  version "3.1.30"
  resolved "https://registry.npmmirror.com/nanoid/download/nanoid-3.1.30.tgz#63f93cc548d2a113dc5dfbc63bfa09e2b9b64362"
  integrity sha1-Y/k8xUjSoRPcXfvGO/oJ4rm2Q2I=

normalize-url@^4.1.0:
  version "4.5.1"
  resolved "https://registry.nlark.com/normalize-url/download/normalize-url-4.5.1.tgz#0dd90cf1288ee1d1313b87081c9a5932ee48518a"
  integrity sha1-DdkM8SiO4dExO4cIHJpZMu5IUYo=

npm-conf@^1.1.3:
  version "1.1.3"
  resolved "https://registry.npm.taobao.org/npm-conf/download/npm-conf-1.1.3.tgz#256cc47bd0e218c259c4e9550bf413bc2192aff9"
  integrity sha1-JWzEe9DiGMJZxOlVC/QTvCGSr/k=
  dependencies:
    config-chain "^1.1.11"
    pify "^3.0.0"

npm-run-path@^4.0.1:
  version "4.0.1"
  resolved "https://registry.npmmirror.com/npm-run-path/download/npm-run-path-4.0.1.tgz?cache=0&sync_timestamp=1633420549182&other_urls=https%3A%2F%2Fregistry.npmmirror.com%2Fnpm-run-path%2Fdownload%2Fnpm-run-path-4.0.1.tgz#b7ecd1e5ed53da8e37a55e1c2269e0b97ed748ea"
  integrity sha1-t+zR5e1T2o43pV4cImnguX7XSOo=
  dependencies:
    path-key "^3.0.0"

object-keys@^1.0.12:
  version "1.1.1"
  resolved "https://registry.nlark.com/object-keys/download/object-keys-1.1.1.tgz#1c47f272df277f3b1daf061677d9c82e2322c60e"
  integrity sha1-HEfyct8nfzsdrwYWd9nILiMixg4=

once@^1.3.1, once@^1.4.0:
  version "1.4.0"
  resolved "https://registry.nlark.com/once/download/once-1.4.0.tgz#583b1aa775961d4b113ac17d9c50baef9dd76bd1"
  integrity sha1-WDsap3WWHUsROsF9nFC6753Xa9E=
  dependencies:
    wrappy "1"

onetime@^5.1.2:
  version "5.1.2"
  resolved "https://registry.nlark.com/onetime/download/onetime-5.1.2.tgz#d0e96ebb56b07476df1dd9c4806e5237985ca45e"
  integrity sha1-0Oluu1awdHbfHdnEgG5SN5hcpF4=
  dependencies:
    mimic-fn "^2.1.0"

p-cancelable@^1.0.0:
  version "1.1.0"
  resolved "https://registry.nlark.com/p-cancelable/download/p-cancelable-1.1.0.tgz#d078d15a3af409220c886f1d9a0ca2e441ab26cc"
  integrity sha1-0HjRWjr0CSIMiG8dmgyi5EGrJsw=

path-key@^3.0.0, path-key@^3.1.0:
  version "3.1.1"
  resolved "https://registry.nlark.com/path-key/download/path-key-3.1.1.tgz#581f6ade658cbba65a0d3380de7753295054f375"
  integrity sha1-WB9q3mWMu6ZaDTOA3ndTKVBU83U=

path-parse@^1.0.6:
  version "1.0.7"
  resolved "https://registry.nlark.com/path-parse/download/path-parse-1.0.7.tgz#fbc114b60ca42b30d9daf5858e4bd68bbedb6735"
  integrity sha1-+8EUtgykKzDZ2vWFjkvWi77bZzU=

pend@~1.2.0:
  version "1.2.0"
  resolved "https://registry.nlark.com/pend/download/pend-1.2.0.tgz#7a57eb550a6783f9115331fcf4663d5c8e007a50"
  integrity sha1-elfrVQpng/kRUzH89GY9XI4AelA=

picocolors@^1.0.0:
  version "1.0.0"
  resolved "https://registry.npmmirror.com/picocolors/download/picocolors-1.0.0.tgz?cache=0&sync_timestamp=1634093378416&other_urls=https%3A%2F%2Fregistry.npmmirror.com%2Fpicocolors%2Fdownload%2Fpicocolors-1.0.0.tgz#cb5bdc74ff3f51892236eaf79d68bc44564ab81c"
  integrity sha1-y1vcdP8/UYkiNur3nWi8RFZKuBw=

pify@^3.0.0:
  version "3.0.0"
  resolved "https://registry.nlark.com/pify/download/pify-3.0.0.tgz#e5a4acd2c101fdf3d9a4d07f0dbc4db49dd28176"
  integrity sha1-5aSs0sEB/fPZpNB/DbxNtJ3SgXY=

postcss@^8.1.10, postcss@^8.3.8:
  version "8.3.11"
  resolved "https://registry.npmmirror.com/postcss/download/postcss-8.3.11.tgz#c3beca7ea811cd5e1c4a3ec6d2e7599ef1f8f858"
  integrity sha1-w77KfqgRzV4cSj7G0udZnvH4+Fg=
  dependencies:
    nanoid "^3.1.30"
    picocolors "^1.0.0"
    source-map-js "^0.6.2"

prepend-http@^2.0.0:
  version "2.0.0"
  resolved "https://registry.nlark.com/prepend-http/download/prepend-http-2.0.0.tgz#e92434bfa5ea8c19f41cdfd401d741a3c819d897"
  integrity sha1-6SQ0v6XqjBn0HN/UAddBo8gZ2Jc=

process-nextick-args@~2.0.0:
  version "2.0.1"
  resolved "https://registry.npm.taobao.org/process-nextick-args/download/process-nextick-args-2.0.1.tgz#7820d9b16120cc55ca9ae7792680ae7dba6d7fe2"
  integrity sha1-eCDZsWEgzFXKmud5JoCufbptf+I=

progress@^2.0.3:
  version "2.0.3"
  resolved "https://registry.nlark.com/progress/download/progress-2.0.3.tgz#7e8cf8d8f5b8f239c1bc68beb4eb78567d572ef8"
  integrity sha1-foz42PW48jnBvGi+tOt4Vn1XLvg=

proto-list@~1.2.1:
  version "1.2.4"
  resolved "https://registry.npm.taobao.org/proto-list/download/proto-list-1.2.4.tgz#212d5bfe1318306a420f6402b8e26ff39647a849"
  integrity sha1-IS1b/hMYMGpCD2QCuOJv85ZHqEk=

pump@^3.0.0:
  version "3.0.0"
  resolved "https://registry.nlark.com/pump/download/pump-3.0.0.tgz#b4a2116815bde2f4e1ea602354e8c75565107a64"
  integrity sha1-tKIRaBW94vTh6mAjVOjHVWUQemQ=
  dependencies:
    end-of-stream "^1.1.0"
    once "^1.3.1"

readable-stream@^2.2.2:
  version "2.3.7"
  resolved "https://registry.nlark.com/readable-stream/download/readable-stream-2.3.7.tgz#1eca1cf711aef814c04f62252a36a62f6cb23b57"
  integrity sha1-Hsoc9xGu+BTAT2IlKjamL2yyO1c=
  dependencies:
    core-util-is "~1.0.0"
    inherits "~2.0.3"
    isarray "~1.0.0"
    process-nextick-args "~2.0.0"
    safe-buffer "~5.1.1"
    string_decoder "~1.1.1"
    util-deprecate "~1.0.1"

resolve@^1.20.0:
  version "1.20.0"
  resolved "https://registry.npm.taobao.org/resolve/download/resolve-1.20.0.tgz#629a013fb3f70755d6f0b7935cc1c2c5378b1975"
  integrity sha1-YpoBP7P3B1XW8LeTXMHCxTeLGXU=
  dependencies:
    is-core-module "^2.2.0"
    path-parse "^1.0.6"

responselike@^1.0.2:
  version "1.0.2"
  resolved "https://registry.npm.taobao.org/responselike/download/responselike-1.0.2.tgz#918720ef3b631c5642be068f15ade5a46f4ba1e7"
  integrity sha1-kYcg7ztjHFZCvgaPFa3lpG9Loec=
  dependencies:
    lowercase-keys "^1.0.0"

roarr@^2.15.3:
  version "2.15.4"
  resolved "https://registry.npmmirror.com/roarr/download/roarr-2.15.4.tgz?cache=0&other_urls=https%3A%2F%2Fregistry.npmmirror.com%2Froarr%2Fdownload%2Froarr-2.15.4.tgz#f5fe795b7b838ccfe35dc608e0282b9eba2e7afd"
  integrity sha1-9f55W3uDjM/jXcYI4Cgrnrouev0=
  dependencies:
    boolean "^3.0.1"
    detect-node "^2.0.4"
    globalthis "^1.0.1"
    json-stringify-safe "^5.0.1"
    semver-compare "^1.0.0"
    sprintf-js "^1.1.2"

rollup@^2.57.0:
  version "2.58.3"
  resolved "https://registry.npmmirror.com/rollup/download/rollup-2.58.3.tgz?cache=0&sync_timestamp=1635229318454&other_urls=https%3A%2F%2Fregistry.npmmirror.com%2Frollup%2Fdownload%2Frollup-2.58.3.tgz#71a08138d9515fb65043b6a18618b2ed9ac8d239"
  integrity sha1-caCBONlRX7ZQQ7ahhhiy7ZrI0jk=
  optionalDependencies:
    fsevents "~2.3.2"

safe-buffer@~5.1.0, safe-buffer@~5.1.1:
  version "5.1.2"
  resolved "https://registry.nlark.com/safe-buffer/download/safe-buffer-5.1.2.tgz#991ec69d296e0313747d59bdfd2b745c35f8828d"
  integrity sha1-mR7GnSluAxN0fVm9/St0XDX4go0=

semver-compare@^1.0.0:
  version "1.0.0"
  resolved "https://registry.nlark.com/semver-compare/download/semver-compare-1.0.0.tgz#0dee216a1c941ab37e9efb1788f6afc5ff5537fc"
  integrity sha1-De4hahyUGrN+nvsXiPavxf9VN/w=

semver@^6.2.0:
  version "6.3.0"
  resolved "https://registry.nlark.com/semver/download/semver-6.3.0.tgz?cache=0&sync_timestamp=1618846864940&other_urls=https%3A%2F%2Fregistry.nlark.com%2Fsemver%2Fdownload%2Fsemver-6.3.0.tgz#ee0a64c8af5e8ceea67687b133761e1becbd1d3d"
  integrity sha1-7gpkyK9ejO6mdoexM3YeG+y9HT0=

semver@^7.3.2:
  version "7.3.5"
  resolved "https://registry.nlark.com/semver/download/semver-7.3.5.tgz?cache=0&sync_timestamp=1618846864940&other_urls=https%3A%2F%2Fregistry.nlark.com%2Fsemver%2Fdownload%2Fsemver-7.3.5.tgz#0b621c879348d8998e4b0e4be94b3f12e6018ef7"
  integrity sha1-C2Ich5NI2JmOSw5L6Us/EuYBjvc=
  dependencies:
    lru-cache "^6.0.0"

serialize-error@^7.0.1:
  version "7.0.1"
  resolved "https://registry.nlark.com/serialize-error/download/serialize-error-7.0.1.tgz?cache=0&other_urls=https%3A%2F%2Fregistry.nlark.com%2Fserialize-error%2Fdownload%2Fserialize-error-7.0.1.tgz#f1360b0447f61ffb483ec4157c737fab7d778e18"
  integrity sha1-8TYLBEf2H/tIPsQVfHN/q313jhg=
  dependencies:
    type-fest "^0.13.1"

shebang-command@^2.0.0:
  version "2.0.0"
  resolved "https://registry.nlark.com/shebang-command/download/shebang-command-2.0.0.tgz#ccd0af4f8835fbdc265b82461aaf0c36663f34ea"
  integrity sha1-zNCvT4g1+9wmW4JGGq8MNmY/NOo=
  dependencies:
    shebang-regex "^3.0.0"

shebang-regex@^3.0.0:
  version "3.0.0"
  resolved "https://registry.nlark.com/shebang-regex/download/shebang-regex-3.0.0.tgz#ae16f1644d873ecad843b0307b143362d4c42172"
  integrity sha1-rhbxZE2HPsrYQ7AwexQzYtTEIXI=

signal-exit@^3.0.3:
  version "3.0.5"
  resolved "https://registry.npmmirror.com/signal-exit/download/signal-exit-3.0.5.tgz?cache=0&sync_timestamp=1632948374592&other_urls=https%3A%2F%2Fregistry.npmmirror.com%2Fsignal-exit%2Fdownload%2Fsignal-exit-3.0.5.tgz#9e3e8cc0c75a99472b44321033a7702e7738252f"
  integrity sha1-nj6MwMdamUcrRDIQM6dwLnc4JS8=

source-map-js@^0.6.2:
  version "0.6.2"
  resolved "https://registry.npm.taobao.org/source-map-js/download/source-map-js-0.6.2.tgz#0bb5de631b41cfbda6cfba8bd05a80efdfd2385e"
  integrity sha1-C7XeYxtBz72mz7qL0FqA79/SOF4=

source-map@^0.6.1:
  version "0.6.1"
  resolved "https://registry.nlark.com/source-map/download/source-map-0.6.1.tgz#74722af32e9614e9c287a8d0bbde48b5e2f1a263"
  integrity sha1-dHIq8y6WFOnCh6jQu95IteLxomM=

sourcemap-codec@^1.4.4:
  version "1.4.8"
  resolved "https://registry.npm.taobao.org/sourcemap-codec/download/sourcemap-codec-1.4.8.tgz#ea804bd94857402e6992d05a38ef1ae35a9ab4c4"
  integrity sha1-6oBL2UhXQC5pktBaOO8a41qatMQ=

sprintf-js@^1.1.2:
  version "1.1.2"
  resolved "https://registry.nlark.com/sprintf-js/download/sprintf-js-1.1.2.tgz#da1765262bf8c0f571749f2ad6c26300207ae673"
  integrity sha1-2hdlJiv4wPVxdJ8q1sJjACB65nM=

string_decoder@~1.1.1:
  version "1.1.1"
  resolved "https://registry.nlark.com/string_decoder/download/string_decoder-1.1.1.tgz#9cf1611ba62685d7030ae9e4ba34149c3af03fc8"
  integrity sha1-nPFhG6YmhdcDCunkujQUnDrwP8g=
  dependencies:
    safe-buffer "~5.1.0"

strip-final-newline@^2.0.0:
  version "2.0.0"
  resolved "https://registry.nlark.com/strip-final-newline/download/strip-final-newline-2.0.0.tgz#89b852fb2fcbe936f6f4b3187afb0a12c1ab58ad"
  integrity sha1-ibhS+y/L6Tb29LMYevsKEsGrWK0=

sumchecker@^3.0.1:
  version "3.0.1"
  resolved "https://registry.npm.taobao.org/sumchecker/download/sumchecker-3.0.1.tgz#6377e996795abb0b6d348e9b3e1dfb24345a8e42"
  integrity sha1-Y3fplnlauwttNI6bPh37JDRajkI=
  dependencies:
    debug "^4.1.0"

supports-color@^7.1.0:
  version "7.2.0"
  resolved "https://registry.nlark.com/supports-color/download/supports-color-7.2.0.tgz#1b7dcdcb32b8138801b3e478ba6a51caa89648da"
  integrity sha1-G33NyzK4E4gBs+R4umpRyqiWSNo=
  dependencies:
    has-flag "^4.0.0"

to-readable-stream@^1.0.0:
  version "1.0.0"
  resolved "https://registry.nlark.com/to-readable-stream/download/to-readable-stream-1.0.0.tgz#ce0aa0c2f3df6adf852efb404a783e77c0475771"
  integrity sha1-zgqgwvPfat+FLvtASng+d8BHV3E=

tunnel@^0.0.6:
  version "0.0.6"
  resolved "https://registry.npm.taobao.org/tunnel/download/tunnel-0.0.6.tgz#72f1314b34a5b192db012324df2cc587ca47f92c"
  integrity sha1-cvExSzSlsZLbASMk3yzFh8pH+Sw=

type-fest@^0.13.1:
  version "0.13.1"
  resolved "https://registry.npmmirror.com/type-fest/download/type-fest-0.13.1.tgz#0172cb5bce80b0bd542ea348db50c7e21834d934"
  integrity sha1-AXLLW86AsL1ULqNI21DH4hg02TQ=

typedarray@^0.0.6:
  version "0.0.6"
  resolved "https://registry.nlark.com/typedarray/download/typedarray-0.0.6.tgz#867ac74e3864187b1d3d47d996a78ec5c8830777"
  integrity sha1-hnrHTjhkGHsdPUfZlqeOxciDB3c=

universalify@^0.1.0:
  version "0.1.2"
  resolved "https://registry.npm.taobao.org/universalify/download/universalify-0.1.2.tgz?cache=0&sync_timestamp=1603180004159&other_urls=https%3A%2F%2Fregistry.npm.taobao.org%2Funiversalify%2Fdownload%2Funiversalify-0.1.2.tgz#b646f69be3942dabcecc9d6639c80dc105efaa66"
  integrity sha1-tkb2m+OULavOzJ1mOcgNwQXvqmY=

url-parse-lax@^3.0.0:
  version "3.0.0"
  resolved "https://registry.nlark.com/url-parse-lax/download/url-parse-lax-3.0.0.tgz?cache=0&sync_timestamp=1628548236896&other_urls=https%3A%2F%2Fregistry.nlark.com%2Furl-parse-lax%2Fdownload%2Furl-parse-lax-3.0.0.tgz#16b5cafc07dbe3676c1b1999177823d6503acb0c"
  integrity sha1-FrXK/Afb42dsGxmZF3gj1lA6yww=
  dependencies:
    prepend-http "^2.0.0"

util-deprecate@~1.0.1:
  version "1.0.2"
  resolved "https://registry.npm.taobao.org/util-deprecate/download/util-deprecate-1.0.2.tgz#450d4dc9fa70de732762fbd2d4a28981419a0ccf"
  integrity sha1-RQ1Nyfpw3nMnYvvS1KKJgUGaDM8=

vite@^2.6.3:
  version "2.6.12"
  resolved "https://registry.npmmirror.com/vite/download/vite-2.6.12.tgz?cache=0&sync_timestamp=1635296720601&other_urls=https%3A%2F%2Fregistry.npmmirror.com%2Fvite%2Fdownload%2Fvite-2.6.12.tgz#17d819ca6766f59a7609a50ab8a2d2cdc05f1523"
  integrity sha1-F9gZymdm9Zp2CaUKuKLSzcBfFSM=
  dependencies:
    esbuild "^0.13.2"
    postcss "^8.3.8"
    resolve "^1.20.0"
    rollup "^2.57.0"
  optionalDependencies:
    fsevents "~2.3.2"

vue-router@^4.0.11:
  version "4.0.12"
  resolved "https://registry.npmmirror.com/vue-router/download/vue-router-4.0.12.tgz?cache=0&sync_timestamp=1635262041312&other_urls=https%3A%2F%2Fregistry.npmmirror.com%2Fvue-router%2Fdownload%2Fvue-router-4.0.12.tgz#8dc792cddf5bb1abcc3908f9064136de7e13c460"
  integrity sha1-jceSzd9bsavMOQj5BkE23n4TxGA=
  dependencies:
    "@vue/devtools-api" "^6.0.0-beta.18"

vue@^3.2.14:
  version "3.2.20"
  resolved "https://registry.npmmirror.com/vue/download/vue-3.2.20.tgz?cache=0&sync_timestamp=1633712555314&other_urls=https%3A%2F%2Fregistry.npmmirror.com%2Fvue%2Fdownload%2Fvue-3.2.20.tgz#940f8aa8bf3e3be78243ca582bad41fcd45ae3e6"
  integrity sha1-lA+KqL8+O+eCQ8pYK61B/NRa4+Y=
  dependencies:
    "@vue/compiler-dom" "3.2.20"
    "@vue/compiler-sfc" "3.2.20"
    "@vue/runtime-dom" "3.2.20"
    "@vue/server-renderer" "3.2.20"
    "@vue/shared" "3.2.20"

vuex@^4.0.2:
  version "4.0.2"
  resolved "https://registry.nlark.com/vuex/download/vuex-4.0.2.tgz#f896dbd5bf2a0e963f00c67e9b610de749ccacc9"
  integrity sha1-+Jbb1b8qDpY/AMZ+m2EN50nMrMk=
  dependencies:
    "@vue/devtools-api" "^6.0.0-beta.11"

which@^2.0.1:
  version "2.0.2"
  resolved "https://registry.nlark.com/which/download/which-2.0.2.tgz#7c6a8dd0a636a0327e10b59c9286eee93f3f51b1"
  integrity sha1-fGqN0KY2oDJ+ELWckobu6T8/UbE=
  dependencies:
    isexe "^2.0.0"

wrappy@1:
  version "1.0.2"
  resolved "https://registry.nlark.com/wrappy/download/wrappy-1.0.2.tgz?cache=0&sync_timestamp=1619133505879&other_urls=https%3A%2F%2Fregistry.nlark.com%2Fwrappy%2Fdownload%2Fwrappy-1.0.2.tgz#b5243d8f3ec1aa35f1364605bc0d1036e30ab69f"
  integrity sha1-tSQ9jz7BqjXxNkYFvA0QNuMKtp8=

yallist@^4.0.0:
  version "4.0.0"
  resolved "https://registry.nlark.com/yallist/download/yallist-4.0.0.tgz#9bb92790d9c0effec63be73519e11a35019a3a72"
  integrity sha1-m7knkNnA7/7GO+c1GeEaNQGaOnI=

yauzl@^2.10.0:
  version "2.10.0"
  resolved "https://registry.nlark.com/yauzl/download/yauzl-2.10.0.tgz#c7eb17c93e112cb1086fa6d8e51fb0667b79a5f9"
  integrity sha1-x+sXyT4RLLEIb6bY5R+wZnt5pfk=
  dependencies:
    buffer-crc32 "~0.2.3"
    fd-slicer "~1.1.0"
